{
  "name": "my-logger",
  "version": "1.0.0",
  "lockfileVersion": 2,
  "requires": true,
  "packages": {
    "": {
      "name": "my-logger",
      "version": "1.0.0",
      "license": "ISC"
    },
    "C:/Users/Shakir/AppData/Roaming/npm/node_modules/my-logger": {
      "version": "1.0.1",
      "license": "MIT",
      "dependencies": {
        "colors": "^1.4.0",
        "moment": "^2.24.0"
      },
      "devDependencies": {
        "babel-eslint": "^10.0.3",
        "eslint": "^6.5.1"
      }
    },
    "C:/Users/Shakir/AppData/Roaming/npm/node_modules/my-logger/node_modules/colors": {
      "version": "1.4.0",
      "license": "MIT",
      "engines": {
        "node": ">=0.1.90"
      }
    },
    "C:/Users/Shakir/AppData/Roaming/npm/node_modules/my-logger/node_modules/moment": {
      "version": "2.30.1",
      "license": "MIT",
      "engines": {
        "node": "*"
      }
    },
    "node_modules/my-logger": {
      "resolved": "C:/Users/Shakir/AppData/Roaming/npm/node_modules/my-logger",
      "link": true
    }
  },
  "dependencies": {
    "my-logger": {
      "version": "file:C:/Users/Shakir/AppData/Roaming/npm/node_modules/my-logger",
      "requires": {
        "babel-eslint": "^10.0.3",
        "colors": "^1.4.0",
        "eslint": "^6.5.1",
        "moment": "^2.24.0"
      },
      "dependencies": {
        "colors": {
          "version": "1.4.0"
        },
        "moment": {
          "version": "2.30.1"
        }
      }
    }
  }
}
